
Microsoft Visual Studio Solution File, Format Version 12.00
# Visual Studio Version 17
VisualStudioVersion = 17.0.31612.314
MinimumVisualStudioVersion = 10.0.40219.1
Project("{9A19103F-16F7-4668-BE54-9A1E7A4F7556}") = "ChartTools.Tests", "ChartTools.Tests\ChartTools.Tests.csproj", "{A5A22025-AFC9-49D2-A338-CAE8EA750E18}"
EndProject
Project("{9A19103F-16F7-4668-BE54-9A1E7A4F7556}") = "Docs", "Docs\Docs.csproj", "{B5A19C40-6CCD-48B2-827F-0D24B6271530}"
EndProject
Project("{9A19103F-16F7-4668-BE54-9A1E7A4F7556}") = "ChartTools", "ChartTools\ChartTools.csproj", "{7E11FE14-5BD0-470A-BA80-E7268FD5772E}"
EndProject
Global
	GlobalSection(SolutionConfigurationPlatforms) = preSolution
		Debug|Any CPU = Debug|Any CPU
		Docs|Any CPU = Docs|Any CPU
		Release|Any CPU = Release|Any CPU
	EndGlobalSection
	GlobalSection(ProjectConfigurationPlatforms) = postSolution
		{A5A22025-AFC9-49D2-A338-CAE8EA750E18}.Debug|Any CPU.ActiveCfg = Debug|Any CPU
		{A5A22025-AFC9-49D2-A338-CAE8EA750E18}.Debug|Any CPU.Build.0 = Debug|Any CPU
		{A5A22025-AFC9-49D2-A338-CAE8EA750E18}.Docs|Any CPU.ActiveCfg = Docs|Any CPU
		{A5A22025-AFC9-49D2-A338-CAE8EA750E18}.Release|Any CPU.ActiveCfg = Release|Any CPU
		{A5A22025-AFC9-49D2-A338-CAE8EA750E18}.Release|Any CPU.Build.0 = Release|Any CPU
		{B5A19C40-6CCD-48B2-827F-0D24B6271530}.Debug|Any CPU.ActiveCfg = Debug|Any CPU
		{B5A19C40-6CCD-48B2-827F-0D24B6271530}.Docs|Any CPU.ActiveCfg = Release|Any CPU
		{B5A19C40-6CCD-48B2-827F-0D24B6271530}.Docs|Any CPU.Build.0 = Release|Any CPU
		{B5A19C40-6CCD-48B2-827F-0D24B6271530}.Release|Any CPU.ActiveCfg = Release|Any CPU
		{7E11FE14-5BD0-470A-BA80-E7268FD5772E}.Debug|Any CPU.ActiveCfg = Debug|Any CPU
		{7E11FE14-5BD0-470A-BA80-E7268FD5772E}.Debug|Any CPU.Build.0 = Debug|Any CPU
		{7E11FE14-5BD0-470A-BA80-E7268FD5772E}.Docs|Any CPU.ActiveCfg = Debug|Any CPU
		{7E11FE14-5BD0-470A-BA80-E7268FD5772E}.Docs|Any CPU.Build.0 = Debug|Any CPU
		{7E11FE14-5BD0-470A-BA80-E7268FD5772E}.Release|Any CPU.ActiveCfg = Release|Any CPU
		{7E11FE14-5BD0-470A-BA80-E7268FD5772E}.Release|Any CPU.Build.0 = Release|Any CPU
	EndGlobalSection
	GlobalSection(SolutionProperties) = preSolution
		HideSolutionNode = FALSE
	EndGlobalSection
	GlobalSection(ExtensibilityGlobals) = postSolution
		SolutionGuid = {BBCCC1EF-9696-4588-8FA9-7924F6507D21}
	EndGlobalSection
	GlobalSection(SharedMSBuildProjectFiles) = preSolution
		source\source.projitems*{a5a22025-afc9-49d2-a338-cae8ea750e18}*SharedItemsImports = 5
	EndGlobalSection
EndGlobal
