
Microsoft Visual Studio Solution File, Format Version 12.00
# Visual Studio Version 17
VisualStudioVersion = 17.0.31612.314
MinimumVisualStudioVersion = 10.0.40219.1
Project("{9A19103F-16F7-4668-BE54-9A1E7A4F7556}") = "ChartTools.Tests", "ChartTools.Tests\ChartTools.Tests.csproj", "{A5A22025-AFC9-49D2-A338-CAE8EA750E18}"
EndProject
Project("{9A19103F-16F7-4668-BE54-9A1E7A4F7556}") = "Docs", "Docs\Docs.csproj", "{B5A19C40-6CCD-48B2-827F-0D24B6271530}"
EndProject
Project("{9A19103F-16F7-4668-BE54-9A1E7A4F7556}") = "ChartTools", "ChartTools\ChartTools.csproj", "{487BDC85-A45E-4896-9F1F-1A8EC145BD19}"
EndProject
Global
	GlobalSection(SolutionConfigurationPlatforms) = preSolution
		Debug|Any CPU = Debug|Any CPU
		Release|Any CPU = Release|Any CPU
	EndGlobalSection
	GlobalSection(ProjectConfigurationPlatforms) = postSolution
		{A5A22025-AFC9-49D2-A338-CAE8EA750E18}.Debug|Any CPU.ActiveCfg = Debug|Any CPU
		{A5A22025-AFC9-49D2-A338-CAE8EA750E18}.Debug|Any CPU.Build.0 = Debug|Any CPU
		{A5A22025-AFC9-49D2-A338-CAE8EA750E18}.Release|Any CPU.ActiveCfg = Release|Any CPU
		{A5A22025-AFC9-49D2-A338-CAE8EA750E18}.Release|Any CPU.Build.0 = Release|Any CPU
		{B5A19C40-6CCD-48B2-827F-0D24B6271530}.Debug|Any CPU.ActiveCfg = Debug|Any CPU
		{B5A19C40-6CCD-48B2-827F-0D24B6271530}.Debug|Any CPU.Build.0 = Debug|Any CPU
		{B5A19C40-6CCD-48B2-827F-0D24B6271530}.Release|Any CPU.ActiveCfg = Release|Any CPU
		{B5A19C40-6CCD-48B2-827F-0D24B6271530}.Release|Any CPU.Build.0 = Release|Any CPU
		{487BDC85-A45E-4896-9F1F-1A8EC145BD19}.Debug|Any CPU.ActiveCfg = Debug|Any CPU
		{487BDC85-A45E-4896-9F1F-1A8EC145BD19}.Debug|Any CPU.Build.0 = Debug|Any CPU
		{487BDC85-A45E-4896-9F1F-1A8EC145BD19}.Release|Any CPU.ActiveCfg = Release|Any CPU
		{487BDC85-A45E-4896-9F1F-1A8EC145BD19}.Release|Any CPU.Build.0 = Release|Any CPU
	EndGlobalSection
	GlobalSection(SolutionProperties) = preSolution
		HideSolutionNode = FALSE
	EndGlobalSection
	GlobalSection(ExtensibilityGlobals) = postSolution
		SolutionGuid = {BBCCC1EF-9696-4588-8FA9-7924F6507D21}
	EndGlobalSection
EndGlobal
